
Microsoft Visual Studio Solution File, Format Version 12.00
# Visual Studio Version 17
VisualStudioVersion = 17.1.32414.318
MinimumVisualStudioVersion = 10.0.40219.1
Project("{FAE04EC0-301F-11D3-BF4B-00C04F79EFBC}") = "TextPlainInputFormatterForAspNetCore", "TextPlainInputFormatterForAspNetCore\TextPlainInputFormatterForAspNetCore.csproj", "{B6CEC756-BE32-4BD8-BA1F-5606F122A81E}"
EndProject
Project("{FAE04EC0-301F-11D3-BF4B-00C04F79EFBC}") = "TestApi", "TestApi\TestApi.csproj", "{B39D5813-ABB4-44BD-BB72-7B999B2BB6A8}"
EndProject
Project("{2150E333-8FDC-42A3-9474-1A3956D46DE8}") = "Repo", "Repo", "{F9ECA11F-13B3-4414-B90F-9E98A7FAE639}"
	ProjectSection(SolutionItems) = preProject
		LICENSE = LICENSE
		.gitattributes = .gitattributes
		.gitignore = .gitignore
		README.md = README.md
	EndProjectSection
EndProject
Global
	GlobalSection(SolutionConfigurationPlatforms) = preSolution
		Debug|Any CPU = Debug|Any CPU
		Release|Any CPU = Release|Any CPU
	EndGlobalSection
	GlobalSection(ProjectConfigurationPlatforms) = postSolution
		{B6CEC756-BE32-4BD8-BA1F-5606F122A81E}.Debug|Any CPU.ActiveCfg = Debug|Any CPU
		{B6CEC756-BE32-4BD8-BA1F-5606F122A81E}.Debug|Any CPU.Build.0 = Debug|Any CPU
		{B6CEC756-BE32-4BD8-BA1F-5606F122A81E}.Release|Any CPU.ActiveCfg = Release|Any CPU
		{B6CEC756-BE32-4BD8-BA1F-5606F122A81E}.Release|Any CPU.Build.0 = Release|Any CPU
		{B39D5813-ABB4-44BD-BB72-7B999B2BB6A8}.Debug|Any CPU.ActiveCfg = Debug|Any CPU
		{B39D5813-ABB4-44BD-BB72-7B999B2BB6A8}.Debug|Any CPU.Build.0 = Debug|Any CPU
		{B39D5813-ABB4-44BD-BB72-7B999B2BB6A8}.Release|Any CPU.ActiveCfg = Release|Any CPU
		{B39D5813-ABB4-44BD-BB72-7B999B2BB6A8}.Release|Any CPU.Build.0 = Release|Any CPU
	EndGlobalSection
	GlobalSection(SolutionProperties) = preSolution
		HideSolutionNode = FALSE
	EndGlobalSection
	GlobalSection(ExtensibilityGlobals) = postSolution
		SolutionGuid = {F5590C61-6ABD-4346-8FFC-E7E235E519D5}
	EndGlobalSection
EndGlobal
